// !$*UTF8*$!
{
	archiveVersion = 1;
	classes = {
	};
	objectVersion = 46;
	objects = {

/* Begin PBXBuildFile section */
		FFBF6B8C16C3B30500805F72 /* hang0.gif in Resources */ = {isa = PBXBuildFile; fileRef = FFBF6B8116C3B30500805F72 /* hang0.gif */; };
		FFBF6B8D16C3B30500805F72 /* hang1.gif in Resources */ = {isa = PBXBuildFile; fileRef = FFBF6B8216C3B30500805F72 /* hang1.gif */; };
		FFBF6B8E16C3B30500805F72 /* hang2.gif in Resources */ = {isa = PBXBuildFile; fileRef = FFBF6B8316C3B30500805F72 /* hang2.gif */; };
		FFBF6B8F16C3B30500805F72 /* hang3.gif in Resources */ = {isa = PBXBuildFile; fileRef = FFBF6B8416C3B30500805F72 /* hang3.gif */; };
		FFBF6B9016C3B30500805F72 /* hang4.gif in Resources */ = {isa = PBXBuildFile; fileRef = FFBF6B8516C3B30500805F72 /* hang4.gif */; };
		FFBF6B9116C3B30500805F72 /* hang5.gif in Resources */ = {isa = PBXBuildFile; fileRef = FFBF6B8616C3B30500805F72 /* hang5.gif */; };
		FFBF6B9216C3B30500805F72 /* hang6.gif in Resources */ = {isa = PBXBuildFile; fileRef = FFBF6B8716C3B30500805F72 /* hang6.gif */; };
		FFBF6B9316C3B30500805F72 /* hang7.gif in Resources */ = {isa = PBXBuildFile; fileRef = FFBF6B8816C3B30500805F72 /* hang7.gif */; };
		FFBF6B9416C3B30500805F72 /* hang8.gif in Resources */ = {isa = PBXBuildFile; fileRef = FFBF6B8916C3B30500805F72 /* hang8.gif */; };
		FFBF6B9516C3B30500805F72 /* hang9.gif in Resources */ = {isa = PBXBuildFile; fileRef = FFBF6B8A16C3B30500805F72 /* hang9.gif */; };
		FFBF6B9616C3B30500805F72 /* hang10.gif in Resources */ = {isa = PBXBuildFile; fileRef = FFBF6B8B16C3B30500805F72 /* hang10.gif */; };
		FFD05C0016C1518A001608D3 /* Cocoa.framework in Frameworks */ = {isa = PBXBuildFile; fileRef = FFD05BFF16C1518A001608D3 /* Cocoa.framework */; };
		FFD05C0A16C1518A001608D3 /* InfoPlist.strings in Resources */ = {isa = PBXBuildFile; fileRef = FFD05C0816C1518A001608D3 /* InfoPlist.strings */; };
		FFD05C0C16C1518A001608D3 /* main.m in Sources */ = {isa = PBXBuildFile; fileRef = FFD05C0B16C1518A001608D3 /* main.m */; };
		FFD05C1016C1518A001608D3 /* Credits.rtf in Resources */ = {isa = PBXBuildFile; fileRef = FFD05C0E16C1518A001608D3 /* Credits.rtf */; };
		FFD05C1316C1518A001608D3 /* HANGAppDelegate.m in Sources */ = {isa = PBXBuildFile; fileRef = FFD05C1216C1518A001608D3 /* HANGAppDelegate.m */; };
		FFD05C1616C1518B001608D3 /* MainMenu.xib in Resources */ = {isa = PBXBuildFile; fileRef = FFD05C1416C1518B001608D3 /* MainMenu.xib */; };
		FFD05C2416C16554001608D3 /* Word.m in Sources */ = {isa = PBXBuildFile; fileRef = FFD05C1D16C152A7001608D3 /* Word.m */; };
		FFD05C2516C1655F001608D3 /* WordBoard.m in Sources */ = {isa = PBXBuildFile; fileRef = FFD05C1F16C152A7001608D3 /* WordBoard.m */; };
/* End PBXBuildFile section */

/* Begin PBXFileReference section */
		FFBF6B8116C3B30500805F72 /* hang0.gif */ = {isa = PBXFileReference; lastKnownFileType = image.gif; path = hang0.gif; sourceTree = "<group>"; };
		FFBF6B8216C3B30500805F72 /* hang1.gif */ = {isa = PBXFileReference; lastKnownFileType = image.gif; path = hang1.gif; sourceTree = "<group>"; };
		FFBF6B8316C3B30500805F72 /* hang2.gif */ = {isa = PBXFileReference; lastKnownFileType = image.gif; path = hang2.gif; sourceTree = "<group>"; };
		FFBF6B8416C3B30500805F72 /* hang3.gif */ = {isa = PBXFileReference; lastKnownFileType = image.gif; path = hang3.gif; sourceTree = "<group>"; };
		FFBF6B8516C3B30500805F72 /* hang4.gif */ = {isa = PBXFileReference; lastKnownFileType = image.gif; path = hang4.gif; sourceTree = "<group>"; };
		FFBF6B8616C3B30500805F72 /* hang5.gif */ = {isa = PBXFileReference; lastKnownFileType = image.gif; path = hang5.gif; sourceTree = "<group>"; };
		FFBF6B8716C3B30500805F72 /* hang6.gif */ = {isa = PBXFileReference; lastKnownFileType = image.gif; path = hang6.gif; sourceTree = "<group>"; };
		FFBF6B8816C3B30500805F72 /* hang7.gif */ = {isa = PBXFileReference; lastKnownFileType = image.gif; path = hang7.gif; sourceTree = "<group>"; };
		FFBF6B8916C3B30500805F72 /* hang8.gif */ = {isa = PBXFileReference; lastKnownFileType = image.gif; path = hang8.gif; sourceTree = "<group>"; };
		FFBF6B8A16C3B30500805F72 /* hang9.gif */ = {isa = PBXFileReference; lastKnownFileType = image.gif; path = hang9.gif; sourceTree = "<group>"; };
		FFBF6B8B16C3B30500805F72 /* hang10.gif */ = {isa = PBXFileReference; lastKnownFileType = image.gif; path = hang10.gif; sourceTree = "<group>"; };
		FFD05BFC16C1518A001608D3 /* Hangman.app */ = {isa = PBXFileReference; explicitFileType = wrapper.application; includeInIndex = 0; path = Hangman.app; sourceTree = BUILT_PRODUCTS_DIR; };
		FFD05BFF16C1518A001608D3 /* Cocoa.framework */ = {isa = PBXFileReference; lastKnownFileType = wrapper.framework; name = Cocoa.framework; path = System/Library/Frameworks/Cocoa.framework; sourceTree = SDKROOT; };
		FFD05C0216C1518A001608D3 /* AppKit.framework */ = {isa = PBXFileReference; lastKnownFileType = wrapper.framework; name = AppKit.framework; path = System/Library/Frameworks/AppKit.framework; sourceTree = SDKROOT; };
		FFD05C0316C1518A001608D3 /* CoreData.framework */ = {isa = PBXFileReference; lastKnownFileType = wrapper.framework; name = CoreData.framework; path = System/Library/Frameworks/CoreData.framework; sourceTree = SDKROOT; };
		FFD05C0416C1518A001608D3 /* Foundation.framework */ = {isa = PBXFileReference; lastKnownFileType = wrapper.framework; name = Foundation.framework; path = System/Library/Frameworks/Foundation.framework; sourceTree = SDKROOT; };
		FFD05C0716C1518A001608D3 /* Hangman-Info.plist */ = {isa = PBXFileReference; lastKnownFileType = text.plist.xml; path = "Hangman-Info.plist"; sourceTree = "<group>"; };
		FFD05C0916C1518A001608D3 /* en */ = {isa = PBXFileReference; lastKnownFileType = text.plist.strings; name = en; path = en.lproj/InfoPlist.strings; sourceTree = "<group>"; };
		FFD05C0B16C1518A001608D3 /* main.m */ = {isa = PBXFileReference; lastKnownFileType = sourcecode.c.objc; path = main.m; sourceTree = "<group>"; };
		FFD05C0D16C1518A001608D3 /* Hangman-Prefix.pch */ = {isa = PBXFileReference; lastKnownFileType = sourcecode.c.h; path = "Hangman-Prefix.pch"; sourceTree = "<group>"; };
		FFD05C0F16C1518A001608D3 /* en */ = {isa = PBXFileReference; lastKnownFileType = text.rtf; name = en; path = en.lproj/Credits.rtf; sourceTree = "<group>"; };
		FFD05C1116C1518A001608D3 /* HANGAppDelegate.h */ = {isa = PBXFileReference; lastKnownFileType = sourcecode.c.h; path = HANGAppDelegate.h; sourceTree = "<group>"; };
		FFD05C1216C1518A001608D3 /* HANGAppDelegate.m */ = {isa = PBXFileReference; lastKnownFileType = sourcecode.c.objc; path = HANGAppDelegate.m; sourceTree = "<group>"; };
		FFD05C1516C1518B001608D3 /* en */ = {isa = PBXFileReference; lastKnownFileType = file.xib; name = en; path = en.lproj/MainMenu.xib; sourceTree = "<group>"; };
		FFD05C1C16C152A7001608D3 /* Word.h */ = {isa = PBXFileReference; lastKnownFileType = sourcecode.c.h; path = Word.h; sourceTree = "<group>"; };
		FFD05C1D16C152A7001608D3 /* Word.m */ = {isa = PBXFileReference; lastKnownFileType = sourcecode.c.objc; path = Word.m; sourceTree = "<group>"; };
		FFD05C1E16C152A7001608D3 /* WordBoard.h */ = {isa = PBXFileReference; lastKnownFileType = sourcecode.c.h; path = WordBoard.h; sourceTree = "<group>"; };
		FFD05C1F16C152A7001608D3 /* WordBoard.m */ = {isa = PBXFileReference; lastKnownFileType = sourcecode.c.objc; path = WordBoard.m; sourceTree = "<group>"; };
/* End PBXFileReference section */

/* Begin PBXFrameworksBuildPhase section */
		FFD05BF916C1518A001608D3 /* Frameworks */ = {
			isa = PBXFrameworksBuildPhase;
			buildActionMask = 2147483647;
			files = (
				FFD05C0016C1518A001608D3 /* Cocoa.framework in Frameworks */,
			);
			runOnlyForDeploymentPostprocessing = 0;
		};
/* End PBXFrameworksBuildPhase section */

/* Begin PBXGroup section */
		FFBF6B8016C3B2F500805F72 /* Images */ = {
			isa = PBXGroup;
			children = (
				FFBF6B8116C3B30500805F72 /* hang0.gif */,
				FFBF6B8216C3B30500805F72 /* hang1.gif */,
				FFBF6B8316C3B30500805F72 /* hang2.gif */,
				FFBF6B8416C3B30500805F72 /* hang3.gif */,
				FFBF6B8516C3B30500805F72 /* hang4.gif */,
				FFBF6B8616C3B30500805F72 /* hang5.gif */,
				FFBF6B8716C3B30500805F72 /* hang6.gif */,
				FFBF6B8816C3B30500805F72 /* hang7.gif */,
				FFBF6B8916C3B30500805F72 /* hang8.gif */,
				FFBF6B8A16C3B30500805F72 /* hang9.gif */,
				FFBF6B8B16C3B30500805F72 /* hang10.gif */,
			);
			name = Images;
			sourceTree = "<group>";
		};
		FFD05BF316C1518A001608D3 = {
			isa = PBXGroup;
			children = (
				FFD05C0516C1518A001608D3 /* Hangman */,
				FFBF6B8016C3B2F500805F72 /* Images */,
				FFD05BFE16C1518A001608D3 /* Frameworks */,
				FFD05BFD16C1518A001608D3 /* Products */,
			);
			sourceTree = "<group>";
		};
		FFD05BFD16C1518A001608D3 /* Products */ = {
			isa = PBXGroup;
			children = (
				FFD05BFC16C1518A001608D3 /* Hangman.app */,
			);
			name = Products;
			sourceTree = "<group>";
		};
		FFD05BFE16C1518A001608D3 /* Frameworks */ = {
			isa = PBXGroup;
			children = (
				FFD05BFF16C1518A001608D3 /* Cocoa.framework */,
				FFD05C0116C1518A001608D3 /* Other Frameworks */,
			);
			name = Frameworks;
			sourceTree = "<group>";
		};
		FFD05C0116C1518A001608D3 /* Other Frameworks */ = {
			isa = PBXGroup;
			children = (
				FFD05C0216C1518A001608D3 /* AppKit.framework */,
				FFD05C0316C1518A001608D3 /* CoreData.framework */,
				FFD05C0416C1518A001608D3 /* Foundation.framework */,
			);
			name = "Other Frameworks";
			sourceTree = "<group>";
		};
		FFD05C0516C1518A001608D3 /* Hangman */ = {
			isa = PBXGroup;
			children = (
				FFD05C1C16C152A7001608D3 /* Word.h */,
				FFD05C1D16C152A7001608D3 /* Word.m */,
				FFD05C1E16C152A7001608D3 /* WordBoard.h */,
				FFD05C1F16C152A7001608D3 /* WordBoard.m */,
				FFD05C1116C1518A001608D3 /* HANGAppDelegate.h */,
				FFD05C1216C1518A001608D3 /* HANGAppDelegate.m */,
				FFD05C1416C1518B001608D3 /* MainMenu.xib */,
				FFD05C0616C1518A001608D3 /* Supporting Files */,
			);
			path = Hangman;
			sourceTree = "<group>";
		};
		FFD05C0616C1518A001608D3 /* Supporting Files */ = {
			isa = PBXGroup;
			children = (
				FFD05C0716C1518A001608D3 /* Hangman-Info.plist */,
				FFD05C0816C1518A001608D3 /* InfoPlist.strings */,
				FFD05C0B16C1518A001608D3 /* main.m */,
				FFD05C0D16C1518A001608D3 /* Hangman-Prefix.pch */,
				FFD05C0E16C1518A001608D3 /* Credits.rtf */,
			);
			name = "Supporting Files";
			sourceTree = "<group>";
		};
/* End PBXGroup section */

/* Begin PBXNativeTarget section */
		FFD05BFB16C1518A001608D3 /* Hangman */ = {
			isa = PBXNativeTarget;
			buildConfigurationList = FFD05C1916C1518B001608D3 /* Build configuration list for PBXNativeTarget "Hangman" */;
			buildPhases = (
				FFD05BF816C1518A001608D3 /* Sources */,
				FFD05BF916C1518A001608D3 /* Frameworks */,
				FFD05BFA16C1518A001608D3 /* Resources */,
			);
			buildRules = (
			);
			dependencies = (
			);
			name = Hangman;
			productName = Hangman;
			productReference = FFD05BFC16C1518A001608D3 /* Hangman.app */;
			productType = "com.apple.product-type.application";
		};
/* End PBXNativeTarget section */

/* Begin PBXProject section */
		FFD05BF416C1518A001608D3 /* Project object */ = {
			isa = PBXProject;
			attributes = {
				CLASSPREFIX = HANG;
				LastUpgradeCheck = 0460;
				ORGANIZATIONNAME = WIT;
			};
			buildConfigurationList = FFD05BF716C1518A001608D3 /* Build configuration list for PBXProject "Hangman" */;
			compatibilityVersion = "Xcode 3.2";
			developmentRegion = English;
			hasScannedForEncodings = 0;
			knownRegions = (
				en,
			);
			mainGroup = FFD05BF316C1518A001608D3;
			productRefGroup = FFD05BFD16C1518A001608D3 /* Products */;
			projectDirPath = "";
			projectRoot = "";
			targets = (
				FFD05BFB16C1518A001608D3 /* Hangman */,
			);
		};
/* End PBXProject section */

/* Begin PBXResourcesBuildPhase section */
		FFD05BFA16C1518A001608D3 /* Resources */ = {
			isa = PBXResourcesBuildPhase;
			buildActionMask = 2147483647;
			files = (
				FFD05C0A16C1518A001608D3 /* InfoPlist.strings in Resources */,
				FFD05C1016C1518A001608D3 /* Credits.rtf in Resources */,
				FFD05C1616C1518B001608D3 /* MainMenu.xib in Resources */,
				FFBF6B8C16C3B30500805F72 /* hang0.gif in Resources */,
				FFBF6B8D16C3B30500805F72 /* hang1.gif in Resources */,
				FFBF6B8E16C3B30500805F72 /* hang2.gif in Resources */,
				FFBF6B8F16C3B30500805F72 /* hang3.gif in Resources */,
				FFBF6B9016C3B30500805F72 /* hang4.gif in Resources */,
				FFBF6B9116C3B30500805F72 /* hang5.gif in Resources */,
				FFBF6B9216C3B30500805F72 /* hang6.gif in Resources */,
				FFBF6B9316C3B30500805F72 /* hang7.gif in Resources */,
				FFBF6B9416C3B30500805F72 /* hang8.gif in Resources */,
				FFBF6B9516C3B30500805F72 /* hang9.gif in Resources */,
				FFBF6B9616C3B30500805F72 /* hang10.gif in Resources */,
			);
			runOnlyForDeploymentPostprocessing = 0;
		};
/* End PBXResourcesBuildPhase section */

/* Begin PBXSourcesBuildPhase section */
		FFD05BF816C1518A001608D3 /* Sources */ = {
			isa = PBXSourcesBuildPhase;
			buildActionMask = 2147483647;
			files = (
				FFD05C2516C1655F001608D3 /* WordBoard.m in Sources */,
				FFD05C2416C16554001608D3 /* Word.m in Sources */,
				FFD05C0C16C1518A001608D3 /* main.m in Sources */,
				FFD05C1316C1518A001608D3 /* HANGAppDelegate.m in Sources */,
			);
			runOnlyForDeploymentPostprocessing = 0;
		};
/* End PBXSourcesBuildPhase section */

/* Begin PBXVariantGroup section */
		FFD05C0816C1518A001608D3 /* InfoPlist.strings */ = {
			isa = PBXVariantGroup;
			children = (
				FFD05C0916C1518A001608D3 /* en */,
			);
			name = InfoPlist.strings;
			sourceTree = "<group>";
		};
		FFD05C0E16C1518A001608D3 /* Credits.rtf */ = {
			isa = PBXVariantGroup;
			children = (
				FFD05C0F16C1518A001608D3 /* en */,
			);
			name = Credits.rtf;
			sourceTree = "<group>";
		};
		FFD05C1416C1518B001608D3 /* MainMenu.xib */ = {
			isa = PBXVariantGroup;
			children = (
				FFD05C1516C1518B001608D3 /* en */,
			);
			name = MainMenu.xib;
			sourceTree = "<group>";
		};
/* End PBXVariantGroup section */

/* Begin XCBuildConfiguration section */
		FFD05C1716C1518B001608D3 /* Debug */ = {
			isa = XCBuildConfiguration;
			buildSettings = {
				ALWAYS_SEARCH_USER_PATHS = NO;
				ARCHS = "$(ARCHS_STANDARD_64_BIT)";
				CLANG_CXX_LANGUAGE_STANDARD = "gnu++0x";
				CLANG_CXX_LIBRARY = "libc++";
				CLANG_ENABLE_OBJC_ARC = YES;
				CLANG_WARN_CONSTANT_CONVERSION = YES;
				CLANG_WARN_EMPTY_BODY = YES;
				CLANG_WARN_ENUM_CONVERSION = YES;
				CLANG_WARN_INT_CONVERSION = YES;
				CLANG_WARN__DUPLICATE_METHOD_MATCH = YES;
				COPY_PHASE_STRIP = NO;
				GCC_C_LANGUAGE_STANDARD = gnu99;
				GCC_DYNAMIC_NO_PIC = NO;
				GCC_ENABLE_OBJC_EXCEPTIONS = YES;
				GCC_OPTIMIZATION_LEVEL = 0;
				GCC_PREPROCESSOR_DEFINITIONS = (
					"DEBUG=1",
					"$(inherited)",
				);
				GCC_SYMBOLS_PRIVATE_EXTERN = NO;
				GCC_WARN_64_TO_32_BIT_CONVERSION = YES;
				GCC_WARN_ABOUT_RETURN_TYPE = YES;
				GCC_WARN_UNINITIALIZED_AUTOS = YES;
				GCC_WARN_UNUSED_VARIABLE = YES;
				MACOSX_DEPLOYMENT_TARGET = 10.8;
				ONLY_ACTIVE_ARCH = YES;
				SDKROOT = macosx;
			};
			name = Debug;
		};
		FFD05C1816C1518B001608D3 /* Release */ = {
			isa = XCBuildConfiguration;
			buildSettings = {
				ALWAYS_SEARCH_USER_PATHS = NO;
				ARCHS = "$(ARCHS_STANDARD_64_BIT)";
				CLANG_CXX_LANGUAGE_STANDARD = "gnu++0x";
				CLANG_CXX_LIBRARY = "libc++";
				CLANG_ENABLE_OBJC_ARC = YES;
				CLANG_WARN_CONSTANT_CONVERSION = YES;
				CLANG_WARN_EMPTY_BODY = YES;
				CLANG_WARN_ENUM_CONVERSION = YES;
				CLANG_WARN_INT_CONVERSION = YES;
				CLANG_WARN__DUPLICATE_METHOD_MATCH = YES;
				COPY_PHASE_STRIP = YES;
				DEBUG_INFORMATION_FORMAT = "dwarf-with-dsym";
				GCC_C_LANGUAGE_STANDARD = gnu99;
				GCC_ENABLE_OBJC_EXCEPTIONS = YES;
				GCC_WARN_64_TO_32_BIT_CONVERSION = YES;
				GCC_WARN_ABOUT_RETURN_TYPE = YES;
				GCC_WARN_UNINITIALIZED_AUTOS = YES;
				GCC_WARN_UNUSED_VARIABLE = YES;
				MACOSX_DEPLOYMENT_TARGET = 10.8;
				SDKROOT = macosx;
			};
			name = Release;
		};
		FFD05C1A16C1518B001608D3 /* Debug */ = {
			isa = XCBuildConfiguration;
			buildSettings = {
				COMBINE_HIDPI_IMAGES = YES;
				GCC_PRECOMPILE_PREFIX_HEADER = YES;
				GCC_PREFIX_HEADER = "Hangman/Hangman-Prefix.pch";
				INFOPLIST_FILE = "Hangman/Hangman-Info.plist";
				PRODUCT_NAME = "$(TARGET_NAME)";
				WRAPPER_EXTENSION = app;
			};
			name = Debug;
		};
		FFD05C1B16C1518B001608D3 /* Release */ = {
			isa = XCBuildConfiguration;
			buildSettings = {
				COMBINE_HIDPI_IMAGES = YES;
				GCC_PRECOMPILE_PREFIX_HEADER = YES;
				GCC_PREFIX_HEADER = "Hangman/Hangman-Prefix.pch";
				INFOPLIST_FILE = "Hangman/Hangman-Info.plist";
				PRODUCT_NAME = "$(TARGET_NAME)";
				WRAPPER_EXTENSION = app;
			};
			name = Release;
		};
/* End XCBuildConfiguration section */

/* Begin XCConfigurationList section */
		FFD05BF716C1518A001608D3 /* Build configuration list for PBXProject "Hangman" */ = {
			isa = XCConfigurationList;
			buildConfigurations = (
				FFD05C1716C1518B001608D3 /* Debug */,
				FFD05C1816C1518B001608D3 /* Release */,
			);
			defaultConfigurationIsVisible = 0;
			defaultConfigurationName = Release;
		};
		FFD05C1916C1518B001608D3 /* Build configuration list for PBXNativeTarget "Hangman" */ = {
			isa = XCConfigurationList;
			buildConfigurations = (
				FFD05C1A16C1518B001608D3 /* Debug */,
				FFD05C1B16C1518B001608D3 /* Release */,
			);
			defaultConfigurationIsVisible = 0;
			defaultConfigurationName = Release;
		};
/* End XCConfigurationList section */
	};
	rootObject = FFD05BF416C1518A001608D3 /* Project object */;
}
